
Microsoft Visual Studio Solution File, Format Version 12.00
# Visual Studio Version 17
VisualStudioVersion = 17.5.002.0
MinimumVisualStudioVersion = 10.0.40219.1
Project("{9A19103F-16F7-4668-BE54-9A1E7A4F7556}") = "253505_Azarov_Lab1", "253505_Azarov_Lab1.csproj", "{1E40029E-70F3-42E6-9353-71DC7D895DD0}"
EndProject
Global
	GlobalSection(SolutionConfigurationPlatforms) = preSolution
		Debug|Any CPU = Debug|Any CPU
		Release|Any CPU = Release|Any CPU
	EndGlobalSection
	GlobalSection(ProjectConfigurationPlatforms) = postSolution
		{1E40029E-70F3-42E6-9353-71DC7D895DD0}.Debug|Any CPU.ActiveCfg = Debug|Any CPU
		{1E40029E-70F3-42E6-9353-71DC7D895DD0}.Debug|Any CPU.Build.0 = Debug|Any CPU
		{1E40029E-70F3-42E6-9353-71DC7D895DD0}.Release|Any CPU.ActiveCfg = Release|Any CPU
		{1E40029E-70F3-42E6-9353-71DC7D895DD0}.Release|Any CPU.Build.0 = Release|Any CPU
	EndGlobalSection
	GlobalSection(SolutionProperties) = preSolution
		HideSolutionNode = FALSE
	EndGlobalSection
	GlobalSection(ExtensibilityGlobals) = postSolution
		SolutionGuid = {BA56D140-51AE-45B1-8619-AD7B236E0A0D}
	EndGlobalSection
EndGlobal
